{
  "object": {
    "pins": [
      {
        "package": "LoadingLibrary",
        "repositoryURL": "https://gitlab.kocsistem.com.tr/oneframe-mobile/ios/loading",
        "state": {
          "branch": null,
          "revision": "ce6c5da56fa711b9c98c2afdcbad263d40ec5b3d",
          "version": "2.0.0"
        }
      }
    ]
  },
  "version": 1
}
