// !$*UTF8*$!
{
	archiveVersion = 1;
	classes = {
	};
	objectVersion = 52;
	objects = {

/* Begin PBXAggregateTarget section */
		155AC6E227DA6C4F0034D1F7 /* SwiftLint */ = {
			isa = PBXAggregateTarget;
			buildConfigurationList = 155AC6E327DA6C4F0034D1F7 /* Build configuration list for PBXAggregateTarget "SwiftLint" */;
			buildPhases = (
				155AC6EA27DA6C7D0034D1F7 /* SwiftLint Configuration Run Yaml */,
			);
			dependencies = (
			);
			name = SwiftLint;
			productName = SwiftLint;
		};
		15E40D0227DB2C7000E2A18C /* Copy Mock API Service Response */ = {
			isa = PBXAggregateTarget;
			buildConfigurationList = 15E40D0327DB2C7000E2A18C /* Build configuration list for PBXAggregateTarget "Copy Mock API Service Response" */;
			buildPhases = (
				15E40D0627DB2C7700E2A18C /* ShellScript */,
			);
			dependencies = (
			);
			name = "Copy Mock API Service Response";
			productName = "Copy Mock API Service Response";
		};
/* End PBXAggregateTarget section */

/* Begin PBXBuildFile section */
		1508441627DA855B006EC139 /* MyWordsObject.swift in Sources */ = {isa = PBXBuildFile; fileRef = 1508441527DA855B006EC139 /* MyWordsObject.swift */; };
		1508442127DA897B006EC139 /* MyWordsServiceProtocol.swift in Sources */ = {isa = PBXBuildFile; fileRef = 1508442027DA897B006EC139 /* MyWordsServiceProtocol.swift */; };
		15C7C69B27DA934E00F55DC3 /* Networking.framework in Frameworks */ = {isa = PBXBuildFile; fileRef = EF9876B9263CC3F000E7C3EE /* Networking.framework */; platformFilter = ios; };
		15C7C69C27DA934E00F55DC3 /* Networking.framework in Embed Frameworks */ = {isa = PBXBuildFile; fileRef = EF9876B9263CC3F000E7C3EE /* Networking.framework */; settings = {ATTRIBUTES = (CodeSignOnCopy, RemoveHeadersOnCopy, ); }; };
		15C7C6A427DA942F00F55DC3 /* Response.swift in Sources */ = {isa = PBXBuildFile; fileRef = 15C7C6A327DA942F00F55DC3 /* Response.swift */; };
		15C7C6A627DA948F00F55DC3 /* Networking.h in Headers */ = {isa = PBXBuildFile; fileRef = EF9876BC263CC3F000E7C3EE /* Networking.h */; settings = {ATTRIBUTES = (Public, ); }; };
		15E40CF827DB18F600E2A18C /* ResourceManager.swift in Sources */ = {isa = PBXBuildFile; fileRef = 15E40CF727DB18F600E2A18C /* ResourceManager.swift */; };
		15E40CFB27DB1BD800E2A18C /* Coders.swift in Sources */ = {isa = PBXBuildFile; fileRef = 15E40CFA27DB1BD800E2A18C /* Coders.swift */; };
		15E40D0B27DB2EED00E2A18C /* Endpoint.swift in Sources */ = {isa = PBXBuildFile; fileRef = 15E40D0A27DB2EED00E2A18C /* Endpoint.swift */; };
		15E40D1D27DB356000E2A18C /* ContentViewModelTests.swift in Sources */ = {isa = PBXBuildFile; fileRef = 15E40D1C27DB356000E2A18C /* ContentViewModelTests.swift */; };
		EF9876C3263CC3F000E7C3EE /* Networking.framework in Frameworks */ = {isa = PBXBuildFile; fileRef = EF9876B9263CC3F000E7C3EE /* Networking.framework */; };
		EF9876C8263CC3F000E7C3EE /* NetworkingTests.swift in Sources */ = {isa = PBXBuildFile; fileRef = EF9876C7263CC3F000E7C3EE /* NetworkingTests.swift */; };
		EF9876DC263CC40800E7C3EE /* AppDelegate.swift in Sources */ = {isa = PBXBuildFile; fileRef = EF9876DB263CC40800E7C3EE /* AppDelegate.swift */; };
		EF9876DE263CC40800E7C3EE /* SceneDelegate.swift in Sources */ = {isa = PBXBuildFile; fileRef = EF9876DD263CC40800E7C3EE /* SceneDelegate.swift */; };
		EF9876E0263CC40800E7C3EE /* ContentView.swift in Sources */ = {isa = PBXBuildFile; fileRef = EF9876DF263CC40800E7C3EE /* ContentView.swift */; };
		EF9876E2263CC40900E7C3EE /* Assets.xcassets in Resources */ = {isa = PBXBuildFile; fileRef = EF9876E1263CC40900E7C3EE /* Assets.xcassets */; };
		EF9876E5263CC40900E7C3EE /* Preview Assets.xcassets in Resources */ = {isa = PBXBuildFile; fileRef = EF9876E4263CC40900E7C3EE /* Preview Assets.xcassets */; };
		EF9876E8263CC40900E7C3EE /* LaunchScreen.storyboard in Resources */ = {isa = PBXBuildFile; fileRef = EF9876E6263CC40900E7C3EE /* LaunchScreen.storyboard */; };
		EF9876F1263CC42C00E7C3EE /* Request.swift in Sources */ = {isa = PBXBuildFile; fileRef = EF9876F0263CC42C00E7C3EE /* Request.swift */; };
		EF9876F6263CC43F00E7C3EE /* RestClient.swift in Sources */ = {isa = PBXBuildFile; fileRef = EF9876F5263CC43F00E7C3EE /* RestClient.swift */; };
		EF9876FB263CC45000E7C3EE /* Weak.swift in Sources */ = {isa = PBXBuildFile; fileRef = EF9876FA263CC45000E7C3EE /* Weak.swift */; };
		EF987701263CC54000E7C3EE /* ContentViewModel.swift in Sources */ = {isa = PBXBuildFile; fileRef = EF987700263CC54000E7C3EE /* ContentViewModel.swift */; };
		EF98770A263CC5C900E7C3EE /* MyWordsRequest.swift in Sources */ = {isa = PBXBuildFile; fileRef = EF987709263CC5C900E7C3EE /* MyWordsRequest.swift */; };
/* End PBXBuildFile section */

/* Begin PBXContainerItemProxy section */
		155AC6EB27DA6F760034D1F7 /* PBXContainerItemProxy */ = {
			isa = PBXContainerItemProxy;
			containerPortal = EF9876B0263CC3F000E7C3EE /* Project object */;
			proxyType = 1;
			remoteGlobalIDString = 155AC6E227DA6C4F0034D1F7;
			remoteInfo = SwiftLint;
		};
		15C7C69D27DA934E00F55DC3 /* PBXContainerItemProxy */ = {
			isa = PBXContainerItemProxy;
			containerPortal = EF9876B0263CC3F000E7C3EE /* Project object */;
			proxyType = 1;
			remoteGlobalIDString = EF9876B8263CC3F000E7C3EE;
			remoteInfo = Networking;
		};
		15E40D0727DB2DAB00E2A18C /* PBXContainerItemProxy */ = {
			isa = PBXContainerItemProxy;
			containerPortal = EF9876B0263CC3F000E7C3EE /* Project object */;
			proxyType = 1;
			remoteGlobalIDString = 15E40D0227DB2C7000E2A18C;
			remoteInfo = "Copy Mock API Service Response";
		};
		15E40D0C27DB34B900E2A18C /* PBXContainerItemProxy */ = {
			isa = PBXContainerItemProxy;
			containerPortal = EF9876B0263CC3F000E7C3EE /* Project object */;
			proxyType = 1;
			remoteGlobalIDString = EF9876D8263CC40800E7C3EE;
			remoteInfo = NetworkingExample;
		};
		15E40D1627DB351600E2A18C /* PBXContainerItemProxy */ = {
			isa = PBXContainerItemProxy;
			containerPortal = EF9876B0263CC3F000E7C3EE /* Project object */;
			proxyType = 1;
			remoteGlobalIDString = EF9876D8263CC40800E7C3EE;
			remoteInfo = NetworkingExample;
		};
		EF9876C4263CC3F000E7C3EE /* PBXContainerItemProxy */ = {
			isa = PBXContainerItemProxy;
			containerPortal = EF9876B0263CC3F000E7C3EE /* Project object */;
			proxyType = 1;
			remoteGlobalIDString = EF9876B8263CC3F000E7C3EE;
			remoteInfo = Networking;
		};
/* End PBXContainerItemProxy section */

/* Begin PBXCopyFilesBuildPhase section */
		15C7C69F27DA934E00F55DC3 /* Embed Frameworks */ = {
			isa = PBXCopyFilesBuildPhase;
			buildActionMask = 2147483647;
			dstPath = "";
			dstSubfolderSpec = 10;
			files = (
				15C7C69C27DA934E00F55DC3 /* Networking.framework in Embed Frameworks */,
			);
			name = "Embed Frameworks";
			runOnlyForDeploymentPostprocessing = 0;
		};
/* End PBXCopyFilesBuildPhase section */

/* Begin PBXFileReference section */
		1508441527DA855B006EC139 /* MyWordsObject.swift */ = {isa = PBXFileReference; lastKnownFileType = sourcecode.swift; path = MyWordsObject.swift; sourceTree = "<group>"; };
		1508442027DA897B006EC139 /* MyWordsServiceProtocol.swift */ = {isa = PBXFileReference; lastKnownFileType = sourcecode.swift; path = MyWordsServiceProtocol.swift; sourceTree = "<group>"; };
		15C7C6A327DA942F00F55DC3 /* Response.swift */ = {isa = PBXFileReference; lastKnownFileType = sourcecode.swift; path = Response.swift; sourceTree = "<group>"; };
		15E40CF727DB18F600E2A18C /* ResourceManager.swift */ = {isa = PBXFileReference; lastKnownFileType = sourcecode.swift; path = ResourceManager.swift; sourceTree = "<group>"; };
		15E40CFA27DB1BD800E2A18C /* Coders.swift */ = {isa = PBXFileReference; lastKnownFileType = sourcecode.swift; path = Coders.swift; sourceTree = "<group>"; };
		15E40D0127DB2C1D00E2A18C /* word */ = {isa = PBXFileReference; lastKnownFileType = folder; path = word; sourceTree = "<group>"; };
		15E40D0A27DB2EED00E2A18C /* Endpoint.swift */ = {isa = PBXFileReference; lastKnownFileType = sourcecode.swift; path = Endpoint.swift; sourceTree = "<group>"; };
		15E40D1227DB351600E2A18C /* NetworkingExampleTests.xctest */ = {isa = PBXFileReference; explicitFileType = wrapper.cfbundle; includeInIndex = 0; path = NetworkingExampleTests.xctest; sourceTree = BUILT_PRODUCTS_DIR; };
		15E40D1C27DB356000E2A18C /* ContentViewModelTests.swift */ = {isa = PBXFileReference; lastKnownFileType = sourcecode.swift; path = ContentViewModelTests.swift; sourceTree = "<group>"; };
		EF9876B9263CC3F000E7C3EE /* Networking.framework */ = {isa = PBXFileReference; explicitFileType = wrapper.framework; includeInIndex = 0; path = Networking.framework; sourceTree = BUILT_PRODUCTS_DIR; };
		EF9876BC263CC3F000E7C3EE /* Networking.h */ = {isa = PBXFileReference; lastKnownFileType = sourcecode.c.h; path = Networking.h; sourceTree = "<group>"; };
		EF9876BD263CC3F000E7C3EE /* Info.plist */ = {isa = PBXFileReference; lastKnownFileType = text.plist.xml; path = Info.plist; sourceTree = "<group>"; };
		EF9876C2263CC3F000E7C3EE /* NetworkingTests.xctest */ = {isa = PBXFileReference; explicitFileType = wrapper.cfbundle; includeInIndex = 0; path = NetworkingTests.xctest; sourceTree = BUILT_PRODUCTS_DIR; };
		EF9876C7263CC3F000E7C3EE /* NetworkingTests.swift */ = {isa = PBXFileReference; lastKnownFileType = sourcecode.swift; path = NetworkingTests.swift; sourceTree = "<group>"; };
		EF9876C9263CC3F000E7C3EE /* Info.plist */ = {isa = PBXFileReference; lastKnownFileType = text.plist.xml; path = Info.plist; sourceTree = "<group>"; };
		EF9876D9263CC40800E7C3EE /* NetworkingExample.app */ = {isa = PBXFileReference; explicitFileType = wrapper.application; includeInIndex = 0; path = NetworkingExample.app; sourceTree = BUILT_PRODUCTS_DIR; };
		EF9876DB263CC40800E7C3EE /* AppDelegate.swift */ = {isa = PBXFileReference; lastKnownFileType = sourcecode.swift; path = AppDelegate.swift; sourceTree = "<group>"; };
		EF9876DD263CC40800E7C3EE /* SceneDelegate.swift */ = {isa = PBXFileReference; lastKnownFileType = sourcecode.swift; path = SceneDelegate.swift; sourceTree = "<group>"; };
		EF9876DF263CC40800E7C3EE /* ContentView.swift */ = {isa = PBXFileReference; lastKnownFileType = sourcecode.swift; path = ContentView.swift; sourceTree = "<group>"; };
		EF9876E1263CC40900E7C3EE /* Assets.xcassets */ = {isa = PBXFileReference; lastKnownFileType = folder.assetcatalog; path = Assets.xcassets; sourceTree = "<group>"; };
		EF9876E4263CC40900E7C3EE /* Preview Assets.xcassets */ = {isa = PBXFileReference; lastKnownFileType = folder.assetcatalog; path = "Preview Assets.xcassets"; sourceTree = "<group>"; };
		EF9876E7263CC40900E7C3EE /* Base */ = {isa = PBXFileReference; lastKnownFileType = file.storyboard; name = Base; path = Base.lproj/LaunchScreen.storyboard; sourceTree = "<group>"; };
		EF9876E9263CC40900E7C3EE /* Info.plist */ = {isa = PBXFileReference; lastKnownFileType = text.plist.xml; path = Info.plist; sourceTree = "<group>"; };
		EF9876F0263CC42C00E7C3EE /* Request.swift */ = {isa = PBXFileReference; lastKnownFileType = sourcecode.swift; path = Request.swift; sourceTree = "<group>"; };
		EF9876F5263CC43F00E7C3EE /* RestClient.swift */ = {isa = PBXFileReference; lastKnownFileType = sourcecode.swift; path = RestClient.swift; sourceTree = "<group>"; };
		EF9876FA263CC45000E7C3EE /* Weak.swift */ = {isa = PBXFileReference; lastKnownFileType = sourcecode.swift; path = Weak.swift; sourceTree = "<group>"; };
		EF987700263CC54000E7C3EE /* ContentViewModel.swift */ = {isa = PBXFileReference; lastKnownFileType = sourcecode.swift; path = ContentViewModel.swift; sourceTree = "<group>"; };
		EF987709263CC5C900E7C3EE /* MyWordsRequest.swift */ = {isa = PBXFileReference; lastKnownFileType = sourcecode.swift; path = MyWordsRequest.swift; sourceTree = "<group>"; };
/* End PBXFileReference section */

/* Begin PBXFrameworksBuildPhase section */
		15E40D0F27DB351600E2A18C /* Frameworks */ = {
			isa = PBXFrameworksBuildPhase;
			buildActionMask = 2147483647;
			files = (
			);
			runOnlyForDeploymentPostprocessing = 0;
		};
		EF9876B6263CC3F000E7C3EE /* Frameworks */ = {
			isa = PBXFrameworksBuildPhase;
			buildActionMask = 2147483647;
			files = (
			);
			runOnlyForDeploymentPostprocessing = 0;
		};
		EF9876BF263CC3F000E7C3EE /* Frameworks */ = {
			isa = PBXFrameworksBuildPhase;
			buildActionMask = 2147483647;
			files = (
				EF9876C3263CC3F000E7C3EE /* Networking.framework in Frameworks */,
			);
			runOnlyForDeploymentPostprocessing = 0;
		};
		EF9876D6263CC40800E7C3EE /* Frameworks */ = {
			isa = PBXFrameworksBuildPhase;
			buildActionMask = 2147483647;
			files = (
				15C7C69B27DA934E00F55DC3 /* Networking.framework in Frameworks */,
			);
			runOnlyForDeploymentPostprocessing = 0;
		};
/* End PBXFrameworksBuildPhase section */

/* Begin PBXGroup section */
		1508441727DA85F8006EC139 /* App */ = {
			isa = PBXGroup;
			children = (
				EF9876E1263CC40900E7C3EE /* Assets.xcassets */,
				EF9876DB263CC40800E7C3EE /* AppDelegate.swift */,
				EF9876DD263CC40800E7C3EE /* SceneDelegate.swift */,
			);
			path = App;
			sourceTree = "<group>";
		};
		1508441827DA8605006EC139 /* Resource */ = {
			isa = PBXGroup;
			children = (
				15E40CFF27DB2BBC00E2A18C /* Mock */,
				EF9876E3263CC40900E7C3EE /* Preview Content */,
				EF9876E6263CC40900E7C3EE /* LaunchScreen.storyboard */,
				EF9876E9263CC40900E7C3EE /* Info.plist */,
			);
			path = Resource;
			sourceTree = "<group>";
		};
		1508441927DA8614006EC139 /* MainContentView */ = {
			isa = PBXGroup;
			children = (
				EF9876FF263CC53300E7C3EE /* VM */,
				EF9876DF263CC40800E7C3EE /* ContentView.swift */,
			);
			path = MainContentView;
			sourceTree = "<group>";
		};
		1508441A27DA8624006EC139 /* Network */ = {
			isa = PBXGroup;
			children = (
				15E40D0927DB2EAA00E2A18C /* Endpoint */,
				1508441E27DA8953006EC139 /* MyWords */,
			);
			path = Network;
			sourceTree = "<group>";
		};
		1508441B27DA86F0006EC139 /* Request */ = {
			isa = PBXGroup;
			children = (
				EF9876F0263CC42C00E7C3EE /* Request.swift */,
			);
			path = Request;
			sourceTree = "<group>";
		};
		1508441C27DA86F8006EC139 /* RestClient */ = {
			isa = PBXGroup;
			children = (
				EF9876F5263CC43F00E7C3EE /* RestClient.swift */,
			);
			path = RestClient;
			sourceTree = "<group>";
		};
		1508441D27DA8710006EC139 /* Model */ = {
			isa = PBXGroup;
			children = (
				EF9876FA263CC45000E7C3EE /* Weak.swift */,
			);
			path = Model;
			sourceTree = "<group>";
		};
		1508441E27DA8953006EC139 /* MyWords */ = {
			isa = PBXGroup;
			children = (
				EF987708263CC54500E7C3EE /* Request */,
				1508441F27DA895A006EC139 /* Response */,
				1508442027DA897B006EC139 /* MyWordsServiceProtocol.swift */,
			);
			path = MyWords;
			sourceTree = "<group>";
		};
		1508441F27DA895A006EC139 /* Response */ = {
			isa = PBXGroup;
			children = (
				1508441527DA855B006EC139 /* MyWordsObject.swift */,
			);
			path = Response;
			sourceTree = "<group>";
		};
		15C7C6A227DA941E00F55DC3 /* Response */ = {
			isa = PBXGroup;
			children = (
				15C7C6A327DA942F00F55DC3 /* Response.swift */,
			);
			path = Response;
			sourceTree = "<group>";
		};
		15C7C6A527DA947700F55DC3 /* Resource */ = {
			isa = PBXGroup;
			children = (
				EF9876BC263CC3F000E7C3EE /* Networking.h */,
				EF9876BD263CC3F000E7C3EE /* Info.plist */,
			);
			path = Resource;
			sourceTree = "<group>";
		};
		15E40CF427DB18CF00E2A18C /* Base */ = {
			isa = PBXGroup;
			children = (
				1508441C27DA86F8006EC139 /* RestClient */,
				1508441B27DA86F0006EC139 /* Request */,
				15C7C6A227DA941E00F55DC3 /* Response */,
				1508441D27DA8710006EC139 /* Model */,
			);
			path = Base;
			sourceTree = "<group>";
		};
		15E40CF527DB18DD00E2A18C /* Common */ = {
			isa = PBXGroup;
			children = (
				15E40CF927DB1BCB00E2A18C /* Coders */,
				15E40CF627DB18ED00E2A18C /* ResourceManager */,
			);
			path = Common;
			sourceTree = "<group>";
		};
		15E40CF627DB18ED00E2A18C /* ResourceManager */ = {
			isa = PBXGroup;
			children = (
				15E40CF727DB18F600E2A18C /* ResourceManager.swift */,
			);
			path = ResourceManager;
			sourceTree = "<group>";
		};
		15E40CF927DB1BCB00E2A18C /* Coders */ = {
			isa = PBXGroup;
			children = (
				15E40CFA27DB1BD800E2A18C /* Coders.swift */,
			);
			path = Coders;
			sourceTree = "<group>";
		};
		15E40CFF27DB2BBC00E2A18C /* Mock */ = {
			isa = PBXGroup;
			children = (
				15E40D0027DB2BC300E2A18C /* Response */,
			);
			path = Mock;
			sourceTree = "<group>";
		};
		15E40D0027DB2BC300E2A18C /* Response */ = {
			isa = PBXGroup;
			children = (
				15E40D0127DB2C1D00E2A18C /* word */,
			);
			path = Response;
			sourceTree = "<group>";
		};
		15E40D0927DB2EAA00E2A18C /* Endpoint */ = {
			isa = PBXGroup;
			children = (
				15E40D0A27DB2EED00E2A18C /* Endpoint.swift */,
			);
			path = Endpoint;
			sourceTree = "<group>";
		};
		15E40D1327DB351600E2A18C /* NetworkingExampleTests */ = {
			isa = PBXGroup;
			children = (
				15E40D1B27DB354700E2A18C /* ContentViewModel */,
			);
			path = NetworkingExampleTests;
			sourceTree = "<group>";
		};
		15E40D1B27DB354700E2A18C /* ContentViewModel */ = {
			isa = PBXGroup;
			children = (
				15E40D1C27DB356000E2A18C /* ContentViewModelTests.swift */,
			);
			path = ContentViewModel;
			sourceTree = "<group>";
		};
		EF9876AF263CC3F000E7C3EE = {
			isa = PBXGroup;
			children = (
				EF9876BB263CC3F000E7C3EE /* Networking */,
				EF9876C6263CC3F000E7C3EE /* NetworkingTests */,
				EF9876DA263CC40800E7C3EE /* NetworkingExample */,
				15E40D1327DB351600E2A18C /* NetworkingExampleTests */,
				EF9876BA263CC3F000E7C3EE /* Products */,
				EF98775A263CCBC400E7C3EE /* Frameworks */,
			);
			sourceTree = "<group>";
		};
		EF9876BA263CC3F000E7C3EE /* Products */ = {
			isa = PBXGroup;
			children = (
				EF9876B9263CC3F000E7C3EE /* Networking.framework */,
				EF9876C2263CC3F000E7C3EE /* NetworkingTests.xctest */,
				EF9876D9263CC40800E7C3EE /* NetworkingExample.app */,
				15E40D1227DB351600E2A18C /* NetworkingExampleTests.xctest */,
			);
			name = Products;
			sourceTree = "<group>";
		};
		EF9876BB263CC3F000E7C3EE /* Networking */ = {
			isa = PBXGroup;
			children = (
				15E40CF427DB18CF00E2A18C /* Base */,
				15E40CF527DB18DD00E2A18C /* Common */,
				15C7C6A527DA947700F55DC3 /* Resource */,
			);
			path = Networking;
			sourceTree = "<group>";
		};
		EF9876C6263CC3F000E7C3EE /* NetworkingTests */ = {
			isa = PBXGroup;
			children = (
				EF9876C7263CC3F000E7C3EE /* NetworkingTests.swift */,
				EF9876C9263CC3F000E7C3EE /* Info.plist */,
			);
			path = NetworkingTests;
			sourceTree = "<group>";
		};
		EF9876DA263CC40800E7C3EE /* NetworkingExample */ = {
			isa = PBXGroup;
			children = (
				1508441A27DA8624006EC139 /* Network */,
				1508441927DA8614006EC139 /* MainContentView */,
				1508441827DA8605006EC139 /* Resource */,
				1508441727DA85F8006EC139 /* App */,
			);
			path = NetworkingExample;
			sourceTree = "<group>";
		};
		EF9876E3263CC40900E7C3EE /* Preview Content */ = {
			isa = PBXGroup;
			children = (
				EF9876E4263CC40900E7C3EE /* Preview Assets.xcassets */,
			);
			path = "Preview Content";
			sourceTree = "<group>";
		};
		EF9876FF263CC53300E7C3EE /* VM */ = {
			isa = PBXGroup;
			children = (
				EF987700263CC54000E7C3EE /* ContentViewModel.swift */,
			);
			path = VM;
			sourceTree = "<group>";
		};
		EF987708263CC54500E7C3EE /* Request */ = {
			isa = PBXGroup;
			children = (
				EF987709263CC5C900E7C3EE /* MyWordsRequest.swift */,
			);
			path = Request;
			sourceTree = "<group>";
		};
		EF98775A263CCBC400E7C3EE /* Frameworks */ = {
			isa = PBXGroup;
			children = (
			);
			name = Frameworks;
			sourceTree = "<group>";
		};
/* End PBXGroup section */

/* Begin PBXHeadersBuildPhase section */
		EF9876B4263CC3F000E7C3EE /* Headers */ = {
			isa = PBXHeadersBuildPhase;
			buildActionMask = 2147483647;
			files = (
				15C7C6A627DA948F00F55DC3 /* Networking.h in Headers */,
			);
			runOnlyForDeploymentPostprocessing = 0;
		};
/* End PBXHeadersBuildPhase section */

/* Begin PBXNativeTarget section */
		15E40D1127DB351600E2A18C /* NetworkingExampleTests */ = {
			isa = PBXNativeTarget;
			buildConfigurationList = 15E40D1827DB351600E2A18C /* Build configuration list for PBXNativeTarget "NetworkingExampleTests" */;
			buildPhases = (
				15E40D0E27DB351600E2A18C /* Sources */,
				15E40D0F27DB351600E2A18C /* Frameworks */,
				15E40D1027DB351600E2A18C /* Resources */,
			);
			buildRules = (
			);
			dependencies = (
				15E40D1727DB351600E2A18C /* PBXTargetDependency */,
			);
			name = NetworkingExampleTests;
			productName = NetworkingExampleTests;
			productReference = 15E40D1227DB351600E2A18C /* NetworkingExampleTests.xctest */;
			productType = "com.apple.product-type.bundle.unit-test";
		};
		EF9876B8263CC3F000E7C3EE /* Networking */ = {
			isa = PBXNativeTarget;
			buildConfigurationList = EF9876CD263CC3F000E7C3EE /* Build configuration list for PBXNativeTarget "Networking" */;
			buildPhases = (
				EF9876B4263CC3F000E7C3EE /* Headers */,
				EF9876B5263CC3F000E7C3EE /* Sources */,
				EF9876B6263CC3F000E7C3EE /* Frameworks */,
				EF9876B7263CC3F000E7C3EE /* Resources */,
			);
			buildRules = (
			);
			dependencies = (
				155AC6EC27DA6F760034D1F7 /* PBXTargetDependency */,
			);
			name = Networking;
			packageProductDependencies = (
			);
			productName = Networking;
			productReference = EF9876B9263CC3F000E7C3EE /* Networking.framework */;
			productType = "com.apple.product-type.framework";
		};
		EF9876C1263CC3F000E7C3EE /* NetworkingTests */ = {
			isa = PBXNativeTarget;
			buildConfigurationList = EF9876D0263CC3F000E7C3EE /* Build configuration list for PBXNativeTarget "NetworkingTests" */;
			buildPhases = (
				EF9876BE263CC3F000E7C3EE /* Sources */,
				EF9876BF263CC3F000E7C3EE /* Frameworks */,
				EF9876C0263CC3F000E7C3EE /* Resources */,
			);
			buildRules = (
			);
			dependencies = (
				EF9876C5263CC3F000E7C3EE /* PBXTargetDependency */,
				15E40D0D27DB34B900E2A18C /* PBXTargetDependency */,
			);
			name = NetworkingTests;
			productName = NetworkingTests;
			productReference = EF9876C2263CC3F000E7C3EE /* NetworkingTests.xctest */;
			productType = "com.apple.product-type.bundle.unit-test";
		};
		EF9876D8263CC40800E7C3EE /* NetworkingExample */ = {
			isa = PBXNativeTarget;
			buildConfigurationList = EF9876EA263CC40900E7C3EE /* Build configuration list for PBXNativeTarget "NetworkingExample" */;
			buildPhases = (
				EF9876D5263CC40800E7C3EE /* Sources */,
				EF9876D6263CC40800E7C3EE /* Frameworks */,
				EF9876D7263CC40800E7C3EE /* Resources */,
				15C7C69F27DA934E00F55DC3 /* Embed Frameworks */,
			);
			buildRules = (
			);
			dependencies = (
				15C7C69E27DA934E00F55DC3 /* PBXTargetDependency */,
				15E40D0827DB2DAB00E2A18C /* PBXTargetDependency */,
			);
			name = NetworkingExample;
			productName = NetworkingExample;
			productReference = EF9876D9263CC40800E7C3EE /* NetworkingExample.app */;
			productType = "com.apple.product-type.application";
		};
/* End PBXNativeTarget section */

/* Begin PBXProject section */
		EF9876B0263CC3F000E7C3EE /* Project object */ = {
			isa = PBXProject;
			attributes = {
				LastSwiftUpdateCheck = 1300;
				LastUpgradeCheck = 1240;
				TargetAttributes = {
					155AC6E227DA6C4F0034D1F7 = {
						CreatedOnToolsVersion = 13.0;
					};
					15E40D0227DB2C7000E2A18C = {
						CreatedOnToolsVersion = 13.0;
					};
					15E40D1127DB351600E2A18C = {
						CreatedOnToolsVersion = 13.0;
						TestTargetID = EF9876D8263CC40800E7C3EE;
					};
					EF9876B8263CC3F000E7C3EE = {
						CreatedOnToolsVersion = 12.4;
						LastSwiftMigration = 1240;
					};
					EF9876C1263CC3F000E7C3EE = {
						CreatedOnToolsVersion = 12.4;
						TestTargetID = EF9876D8263CC40800E7C3EE;
					};
					EF9876D8263CC40800E7C3EE = {
						CreatedOnToolsVersion = 12.4;
					};
				};
			};
			buildConfigurationList = EF9876B3263CC3F000E7C3EE /* Build configuration list for PBXProject "Networking" */;
			compatibilityVersion = "Xcode 9.3";
			developmentRegion = en;
			hasScannedForEncodings = 0;
			knownRegions = (
				en,
				Base,
			);
			mainGroup = EF9876AF263CC3F000E7C3EE;
			packageReferences = (
			);
			productRefGroup = EF9876BA263CC3F000E7C3EE /* Products */;
			projectDirPath = "";
			projectRoot = "";
			targets = (
				EF9876B8263CC3F000E7C3EE /* Networking */,
				EF9876C1263CC3F000E7C3EE /* NetworkingTests */,
				EF9876D8263CC40800E7C3EE /* NetworkingExample */,
				15E40D1127DB351600E2A18C /* NetworkingExampleTests */,
				155AC6E227DA6C4F0034D1F7 /* SwiftLint */,
				15E40D0227DB2C7000E2A18C /* Copy Mock API Service Response */,
			);
		};
/* End PBXProject section */

/* Begin PBXResourcesBuildPhase section */
		15E40D1027DB351600E2A18C /* Resources */ = {
			isa = PBXResourcesBuildPhase;
			buildActionMask = 2147483647;
			files = (
			);
			runOnlyForDeploymentPostprocessing = 0;
		};
		EF9876B7263CC3F000E7C3EE /* Resources */ = {
			isa = PBXResourcesBuildPhase;
			buildActionMask = 2147483647;
			files = (
			);
			runOnlyForDeploymentPostprocessing = 0;
		};
		EF9876C0263CC3F000E7C3EE /* Resources */ = {
			isa = PBXResourcesBuildPhase;
			buildActionMask = 2147483647;
			files = (
			);
			runOnlyForDeploymentPostprocessing = 0;
		};
		EF9876D7263CC40800E7C3EE /* Resources */ = {
			isa = PBXResourcesBuildPhase;
			buildActionMask = 2147483647;
			files = (
				EF9876E8263CC40900E7C3EE /* LaunchScreen.storyboard in Resources */,
				EF9876E5263CC40900E7C3EE /* Preview Assets.xcassets in Resources */,
				EF9876E2263CC40900E7C3EE /* Assets.xcassets in Resources */,
			);
			runOnlyForDeploymentPostprocessing = 0;
		};
/* End PBXResourcesBuildPhase section */

/* Begin PBXShellScriptBuildPhase section */
		155AC6EA27DA6C7D0034D1F7 /* SwiftLint Configuration Run Yaml */ = {
			isa = PBXShellScriptBuildPhase;
			buildActionMask = 2147483647;
			files = (
			);
			inputFileListPaths = (
			);
			inputPaths = (
			);
			name = "SwiftLint Configuration Run Yaml";
			outputFileListPaths = (
			);
			outputPaths = (
			);
			runOnlyForDeploymentPostprocessing = 0;
			shellPath = /bin/sh;
			shellScript = "if which swiftlint >/dev/null; then\n    # Relative path from the .xcodeproj which contains this script\n    swiftlint lint –config \"${SRCROOT}/.swiftlint.yml\"\nelse\n    echo \"warning: SwiftLint not installed\"\nfi\n";
		};
		15E40D0627DB2C7700E2A18C /* ShellScript */ = {
			isa = PBXShellScriptBuildPhase;
			buildActionMask = 2147483647;
			files = (
			);
			inputFileListPaths = (
			);
			inputPaths = (
			);
			outputFileListPaths = (
			);
			outputPaths = (
			);
			runOnlyForDeploymentPostprocessing = 0;
			shellPath = /bin/sh;
			shellScript = "echo \"Checking configuration to determine whether to copy MockApi/Resources: CONFIGURATION=$CONFIGURATION\"\nif [ \"${CONFIGURATION}\" = \"Debug\" ]; then\necho \"Copying ${SRCROOT}/NetworkingExample/Resource/Mock/Response directory to ${BUILT_PRODUCTS_DIR}/NetworkingExample.app\"\ncp -R ${SRCROOT}/NetworkingExample/Resource/Mock/Response/* ${BUILT_PRODUCTS_DIR}/NetworkingExample.app/\necho \"Response directory has been copied.\"\nelse\necho \"Skipped copying mock responses - not required for $CONFIGURATION configuration.\"\nfi\n";
		};
/* End PBXShellScriptBuildPhase section */

/* Begin PBXSourcesBuildPhase section */
		15E40D0E27DB351600E2A18C /* Sources */ = {
			isa = PBXSourcesBuildPhase;
			buildActionMask = 2147483647;
			files = (
				15E40D1D27DB356000E2A18C /* ContentViewModelTests.swift in Sources */,
			);
			runOnlyForDeploymentPostprocessing = 0;
		};
		EF9876B5263CC3F000E7C3EE /* Sources */ = {
			isa = PBXSourcesBuildPhase;
			buildActionMask = 2147483647;
			files = (
				15C7C6A427DA942F00F55DC3 /* Response.swift in Sources */,
				EF9876F6263CC43F00E7C3EE /* RestClient.swift in Sources */,
				EF9876F1263CC42C00E7C3EE /* Request.swift in Sources */,
				15E40CFB27DB1BD800E2A18C /* Coders.swift in Sources */,
				EF9876FB263CC45000E7C3EE /* Weak.swift in Sources */,
				15E40CF827DB18F600E2A18C /* ResourceManager.swift in Sources */,
			);
			runOnlyForDeploymentPostprocessing = 0;
		};
		EF9876BE263CC3F000E7C3EE /* Sources */ = {
			isa = PBXSourcesBuildPhase;
			buildActionMask = 2147483647;
			files = (
				EF9876C8263CC3F000E7C3EE /* NetworkingTests.swift in Sources */,
			);
			runOnlyForDeploymentPostprocessing = 0;
		};
		EF9876D5263CC40800E7C3EE /* Sources */ = {
			isa = PBXSourcesBuildPhase;
			buildActionMask = 2147483647;
			files = (
				EF987701263CC54000E7C3EE /* ContentViewModel.swift in Sources */,
				EF9876DC263CC40800E7C3EE /* AppDelegate.swift in Sources */,
				15E40D0B27DB2EED00E2A18C /* Endpoint.swift in Sources */,
				1508441627DA855B006EC139 /* MyWordsObject.swift in Sources */,
				EF9876DE263CC40800E7C3EE /* SceneDelegate.swift in Sources */,
				EF98770A263CC5C900E7C3EE /* MyWordsRequest.swift in Sources */,
				EF9876E0263CC40800E7C3EE /* ContentView.swift in Sources */,
				1508442127DA897B006EC139 /* MyWordsServiceProtocol.swift in Sources */,
			);
			runOnlyForDeploymentPostprocessing = 0;
		};
/* End PBXSourcesBuildPhase section */

/* Begin PBXTargetDependency section */
		155AC6EC27DA6F760034D1F7 /* PBXTargetDependency */ = {
			isa = PBXTargetDependency;
			target = 155AC6E227DA6C4F0034D1F7 /* SwiftLint */;
			targetProxy = 155AC6EB27DA6F760034D1F7 /* PBXContainerItemProxy */;
		};
		15C7C69E27DA934E00F55DC3 /* PBXTargetDependency */ = {
			isa = PBXTargetDependency;
			platformFilter = ios;
			target = EF9876B8263CC3F000E7C3EE /* Networking */;
			targetProxy = 15C7C69D27DA934E00F55DC3 /* PBXContainerItemProxy */;
		};
		15E40D0827DB2DAB00E2A18C /* PBXTargetDependency */ = {
			isa = PBXTargetDependency;
			target = 15E40D0227DB2C7000E2A18C /* Copy Mock API Service Response */;
			targetProxy = 15E40D0727DB2DAB00E2A18C /* PBXContainerItemProxy */;
		};
		15E40D0D27DB34B900E2A18C /* PBXTargetDependency */ = {
			isa = PBXTargetDependency;
			target = EF9876D8263CC40800E7C3EE /* NetworkingExample */;
			targetProxy = 15E40D0C27DB34B900E2A18C /* PBXContainerItemProxy */;
		};
		15E40D1727DB351600E2A18C /* PBXTargetDependency */ = {
			isa = PBXTargetDependency;
			target = EF9876D8263CC40800E7C3EE /* NetworkingExample */;
			targetProxy = 15E40D1627DB351600E2A18C /* PBXContainerItemProxy */;
		};
		EF9876C5263CC3F000E7C3EE /* PBXTargetDependency */ = {
			isa = PBXTargetDependency;
			target = EF9876B8263CC3F000E7C3EE /* Networking */;
			targetProxy = EF9876C4263CC3F000E7C3EE /* PBXContainerItemProxy */;
		};
/* End PBXTargetDependency section */

/* Begin PBXVariantGroup section */
		EF9876E6263CC40900E7C3EE /* LaunchScreen.storyboard */ = {
			isa = PBXVariantGroup;
			children = (
				EF9876E7263CC40900E7C3EE /* Base */,
			);
			name = LaunchScreen.storyboard;
			sourceTree = "<group>";
		};
/* End PBXVariantGroup section */

/* Begin XCBuildConfiguration section */
		155AC6E427DA6C4F0034D1F7 /* Debug */ = {
			isa = XCBuildConfiguration;
			buildSettings = {
				CODE_SIGN_STYLE = Automatic;
				PRODUCT_NAME = "$(TARGET_NAME)";
			};
			name = Debug;
		};
		155AC6E527DA6C4F0034D1F7 /* Release */ = {
			isa = XCBuildConfiguration;
			buildSettings = {
				CODE_SIGN_STYLE = Automatic;
				PRODUCT_NAME = "$(TARGET_NAME)";
			};
			name = Release;
		};
		15E40D0427DB2C7000E2A18C /* Debug */ = {
			isa = XCBuildConfiguration;
			buildSettings = {
				CODE_SIGN_STYLE = Automatic;
				PRODUCT_NAME = "$(TARGET_NAME)";
			};
			name = Debug;
		};
		15E40D0527DB2C7000E2A18C /* Release */ = {
			isa = XCBuildConfiguration;
			buildSettings = {
				CODE_SIGN_STYLE = Automatic;
				PRODUCT_NAME = "$(TARGET_NAME)";
			};
			name = Release;
		};
		15E40D1927DB351600E2A18C /* Debug */ = {
			isa = XCBuildConfiguration;
			buildSettings = {
				BUNDLE_LOADER = "$(TEST_HOST)";
				CLANG_CXX_LANGUAGE_STANDARD = "gnu++17";
				CODE_SIGN_STYLE = Automatic;
				CURRENT_PROJECT_VERSION = 1;
				GENERATE_INFOPLIST_FILE = YES;
				IPHONEOS_DEPLOYMENT_TARGET = 15.0;
				LD_RUNPATH_SEARCH_PATHS = (
					"$(inherited)",
					"@executable_path/Frameworks",
					"@loader_path/Frameworks",
				);
				MARKETING_VERSION = 1.0;
				PRODUCT_BUNDLE_IDENTIFIER = com.selfrise.NetworkingExampleTests;
				PRODUCT_NAME = "$(TARGET_NAME)";
				SWIFT_EMIT_LOC_STRINGS = NO;
				SWIFT_VERSION = 5.0;
				TARGETED_DEVICE_FAMILY = "1,2";
				TEST_HOST = "$(BUILT_PRODUCTS_DIR)/NetworkingExample.app/NetworkingExample";
			};
			name = Debug;
		};
		15E40D1A27DB351600E2A18C /* Release */ = {
			isa = XCBuildConfiguration;
			buildSettings = {
				BUNDLE_LOADER = "$(TEST_HOST)";
				CLANG_CXX_LANGUAGE_STANDARD = "gnu++17";
				CODE_SIGN_STYLE = Automatic;
				CURRENT_PROJECT_VERSION = 1;
				GENERATE_INFOPLIST_FILE = YES;
				IPHONEOS_DEPLOYMENT_TARGET = 15.0;
				LD_RUNPATH_SEARCH_PATHS = (
					"$(inherited)",
					"@executable_path/Frameworks",
					"@loader_path/Frameworks",
				);
				MARKETING_VERSION = 1.0;
				PRODUCT_BUNDLE_IDENTIFIER = com.selfrise.NetworkingExampleTests;
				PRODUCT_NAME = "$(TARGET_NAME)";
				SWIFT_EMIT_LOC_STRINGS = NO;
				SWIFT_VERSION = 5.0;
				TARGETED_DEVICE_FAMILY = "1,2";
				TEST_HOST = "$(BUILT_PRODUCTS_DIR)/NetworkingExample.app/NetworkingExample";
			};
			name = Release;
		};
		EF9876CB263CC3F000E7C3EE /* Debug */ = {
			isa = XCBuildConfiguration;
			buildSettings = {
				ALWAYS_SEARCH_USER_PATHS = NO;
				CLANG_ANALYZER_NONNULL = YES;
				CLANG_ANALYZER_NUMBER_OBJECT_CONVERSION = YES_AGGRESSIVE;
				CLANG_CXX_LANGUAGE_STANDARD = "gnu++14";
				CLANG_CXX_LIBRARY = "libc++";
				CLANG_ENABLE_MODULES = YES;
				CLANG_ENABLE_OBJC_ARC = YES;
				CLANG_ENABLE_OBJC_WEAK = YES;
				CLANG_WARN_BLOCK_CAPTURE_AUTORELEASING = YES;
				CLANG_WARN_BOOL_CONVERSION = YES;
				CLANG_WARN_COMMA = YES;
				CLANG_WARN_CONSTANT_CONVERSION = YES;
				CLANG_WARN_DEPRECATED_OBJC_IMPLEMENTATIONS = YES;
				CLANG_WARN_DIRECT_OBJC_ISA_USAGE = YES_ERROR;
				CLANG_WARN_DOCUMENTATION_COMMENTS = YES;
				CLANG_WARN_EMPTY_BODY = YES;
				CLANG_WARN_ENUM_CONVERSION = YES;
				CLANG_WARN_INFINITE_RECURSION = YES;
				CLANG_WARN_INT_CONVERSION = YES;
				CLANG_WARN_NON_LITERAL_NULL_CONVERSION = YES;
				CLANG_WARN_OBJC_IMPLICIT_RETAIN_SELF = YES;
				CLANG_WARN_OBJC_LITERAL_CONVERSION = YES;
				CLANG_WARN_OBJC_ROOT_CLASS = YES_ERROR;
				CLANG_WARN_QUOTED_INCLUDE_IN_FRAMEWORK_HEADER = YES;
				CLANG_WARN_RANGE_LOOP_ANALYSIS = YES;
				CLANG_WARN_STRICT_PROTOTYPES = YES;
				CLANG_WARN_SUSPICIOUS_MOVE = YES;
				CLANG_WARN_UNGUARDED_AVAILABILITY = YES_AGGRESSIVE;
				CLANG_WARN_UNREACHABLE_CODE = YES;
				CLANG_WARN__DUPLICATE_METHOD_MATCH = YES;
				COPY_PHASE_STRIP = NO;
				CURRENT_PROJECT_VERSION = 1;
				DEBUG_INFORMATION_FORMAT = dwarf;
				ENABLE_STRICT_OBJC_MSGSEND = YES;
				ENABLE_TESTABILITY = YES;
				GCC_C_LANGUAGE_STANDARD = gnu11;
				GCC_DYNAMIC_NO_PIC = NO;
				GCC_NO_COMMON_BLOCKS = YES;
				GCC_OPTIMIZATION_LEVEL = 0;
				GCC_PREPROCESSOR_DEFINITIONS = (
					"DEBUG=1",
					"$(inherited)",
				);
				GCC_WARN_64_TO_32_BIT_CONVERSION = YES;
				GCC_WARN_ABOUT_RETURN_TYPE = YES_ERROR;
				GCC_WARN_UNDECLARED_SELECTOR = YES;
				GCC_WARN_UNINITIALIZED_AUTOS = YES_AGGRESSIVE;
				GCC_WARN_UNUSED_FUNCTION = YES;
				GCC_WARN_UNUSED_VARIABLE = YES;
				IPHONEOS_DEPLOYMENT_TARGET = 14.4;
				MTL_ENABLE_DEBUG_INFO = INCLUDE_SOURCE;
				MTL_FAST_MATH = YES;
				ONLY_ACTIVE_ARCH = YES;
				SDKROOT = iphoneos;
				SWIFT_ACTIVE_COMPILATION_CONDITIONS = DEBUG;
				SWIFT_OPTIMIZATION_LEVEL = "-Onone";
				VERSIONING_SYSTEM = "apple-generic";
				VERSION_INFO_PREFIX = "";
			};
			name = Debug;
		};
		EF9876CC263CC3F000E7C3EE /* Release */ = {
			isa = XCBuildConfiguration;
			buildSettings = {
				ALWAYS_SEARCH_USER_PATHS = NO;
				CLANG_ANALYZER_NONNULL = YES;
				CLANG_ANALYZER_NUMBER_OBJECT_CONVERSION = YES_AGGRESSIVE;
				CLANG_CXX_LANGUAGE_STANDARD = "gnu++14";
				CLANG_CXX_LIBRARY = "libc++";
				CLANG_ENABLE_MODULES = YES;
				CLANG_ENABLE_OBJC_ARC = YES;
				CLANG_ENABLE_OBJC_WEAK = YES;
				CLANG_WARN_BLOCK_CAPTURE_AUTORELEASING = YES;
				CLANG_WARN_BOOL_CONVERSION = YES;
				CLANG_WARN_COMMA = YES;
				CLANG_WARN_CONSTANT_CONVERSION = YES;
				CLANG_WARN_DEPRECATED_OBJC_IMPLEMENTATIONS = YES;
				CLANG_WARN_DIRECT_OBJC_ISA_USAGE = YES_ERROR;
				CLANG_WARN_DOCUMENTATION_COMMENTS = YES;
				CLANG_WARN_EMPTY_BODY = YES;
				CLANG_WARN_ENUM_CONVERSION = YES;
				CLANG_WARN_INFINITE_RECURSION = YES;
				CLANG_WARN_INT_CONVERSION = YES;
				CLANG_WARN_NON_LITERAL_NULL_CONVERSION = YES;
				CLANG_WARN_OBJC_IMPLICIT_RETAIN_SELF = YES;
				CLANG_WARN_OBJC_LITERAL_CONVERSION = YES;
				CLANG_WARN_OBJC_ROOT_CLASS = YES_ERROR;
				CLANG_WARN_QUOTED_INCLUDE_IN_FRAMEWORK_HEADER = YES;
				CLANG_WARN_RANGE_LOOP_ANALYSIS = YES;
				CLANG_WARN_STRICT_PROTOTYPES = YES;
				CLANG_WARN_SUSPICIOUS_MOVE = YES;
				CLANG_WARN_UNGUARDED_AVAILABILITY = YES_AGGRESSIVE;
				CLANG_WARN_UNREACHABLE_CODE = YES;
				CLANG_WARN__DUPLICATE_METHOD_MATCH = YES;
				COPY_PHASE_STRIP = NO;
				CURRENT_PROJECT_VERSION = 1;
				DEBUG_INFORMATION_FORMAT = "dwarf-with-dsym";
				ENABLE_NS_ASSERTIONS = NO;
				ENABLE_STRICT_OBJC_MSGSEND = YES;
				GCC_C_LANGUAGE_STANDARD = gnu11;
				GCC_NO_COMMON_BLOCKS = YES;
				GCC_WARN_64_TO_32_BIT_CONVERSION = YES;
				GCC_WARN_ABOUT_RETURN_TYPE = YES_ERROR;
				GCC_WARN_UNDECLARED_SELECTOR = YES;
				GCC_WARN_UNINITIALIZED_AUTOS = YES_AGGRESSIVE;
				GCC_WARN_UNUSED_FUNCTION = YES;
				GCC_WARN_UNUSED_VARIABLE = YES;
				IPHONEOS_DEPLOYMENT_TARGET = 14.4;
				MTL_ENABLE_DEBUG_INFO = NO;
				MTL_FAST_MATH = YES;
				SDKROOT = iphoneos;
				SWIFT_COMPILATION_MODE = wholemodule;
				SWIFT_OPTIMIZATION_LEVEL = "-O";
				VALIDATE_PRODUCT = YES;
				VERSIONING_SYSTEM = "apple-generic";
				VERSION_INFO_PREFIX = "";
			};
			name = Release;
		};
		EF9876CE263CC3F000E7C3EE /* Debug */ = {
			isa = XCBuildConfiguration;
			buildSettings = {
				CLANG_ENABLE_MODULES = YES;
				CODE_SIGN_STYLE = Automatic;
				DEFINES_MODULE = YES;
				DYLIB_COMPATIBILITY_VERSION = 1;
				DYLIB_CURRENT_VERSION = 1;
				DYLIB_INSTALL_NAME_BASE = "@rpath";
				INFOPLIST_FILE = Networking/Resource/Info.plist;
				INSTALL_PATH = "$(LOCAL_LIBRARY_DIR)/Frameworks";
				IPHONEOS_DEPLOYMENT_TARGET = 13.0;
				LD_RUNPATH_SEARCH_PATHS = (
					"$(inherited)",
					"@executable_path/Frameworks",
					"@loader_path/Frameworks",
				);
				MARKETING_VERSION = 1.0.3;
				PRODUCT_BUNDLE_IDENTIFIER = com.selfrise.Networking;
				PRODUCT_NAME = "$(TARGET_NAME:c99extidentifier)";
				SKIP_INSTALL = YES;
				SUPPORTS_MACCATALYST = NO;
				SWIFT_OPTIMIZATION_LEVEL = "-Onone";
				SWIFT_VERSION = 4.2;
				TARGETED_DEVICE_FAMILY = "1,2";
			};
			name = Debug;
		};
		EF9876CF263CC3F000E7C3EE /* Release */ = {
			isa = XCBuildConfiguration;
			buildSettings = {
				CLANG_ENABLE_MODULES = YES;
				CODE_SIGN_STYLE = Automatic;
				DEFINES_MODULE = YES;
				DYLIB_COMPATIBILITY_VERSION = 1;
				DYLIB_CURRENT_VERSION = 1;
				DYLIB_INSTALL_NAME_BASE = "@rpath";
				INFOPLIST_FILE = Networking/Resource/Info.plist;
				INSTALL_PATH = "$(LOCAL_LIBRARY_DIR)/Frameworks";
				IPHONEOS_DEPLOYMENT_TARGET = 13.0;
				LD_RUNPATH_SEARCH_PATHS = (
					"$(inherited)",
					"@executable_path/Frameworks",
					"@loader_path/Frameworks",
				);
				MARKETING_VERSION = 1.0.3;
				PRODUCT_BUNDLE_IDENTIFIER = com.selfrise.Networking;
				PRODUCT_NAME = "$(TARGET_NAME:c99extidentifier)";
				SKIP_INSTALL = YES;
				SUPPORTS_MACCATALYST = NO;
				SWIFT_VERSION = 4.2;
				TARGETED_DEVICE_FAMILY = "1,2";
			};
			name = Release;
		};
		EF9876D1263CC3F000E7C3EE /* Debug */ = {
			isa = XCBuildConfiguration;
			buildSettings = {
				ALWAYS_EMBED_SWIFT_STANDARD_LIBRARIES = YES;
				BUNDLE_LOADER = "$(TEST_HOST)";
				CODE_SIGN_STYLE = Automatic;
				INFOPLIST_FILE = NetworkingTests/Info.plist;
				LD_RUNPATH_SEARCH_PATHS = (
					"$(inherited)",
					"@executable_path/Frameworks",
					"@loader_path/Frameworks",
				);
				PRODUCT_BUNDLE_IDENTIFIER = com.ozgun.NetworkingTests;
				PRODUCT_NAME = "$(TARGET_NAME)";
				SWIFT_VERSION = 5.0;
				TARGETED_DEVICE_FAMILY = "1,2";
				TEST_HOST = "$(BUILT_PRODUCTS_DIR)/NetworkingExample.app/NetworkingExample";
			};
			name = Debug;
		};
		EF9876D2263CC3F000E7C3EE /* Release */ = {
			isa = XCBuildConfiguration;
			buildSettings = {
				ALWAYS_EMBED_SWIFT_STANDARD_LIBRARIES = YES;
				BUNDLE_LOADER = "$(TEST_HOST)";
				CODE_SIGN_STYLE = Automatic;
				INFOPLIST_FILE = NetworkingTests/Info.plist;
				LD_RUNPATH_SEARCH_PATHS = (
					"$(inherited)",
					"@executable_path/Frameworks",
					"@loader_path/Frameworks",
				);
				PRODUCT_BUNDLE_IDENTIFIER = com.ozgun.NetworkingTests;
				PRODUCT_NAME = "$(TARGET_NAME)";
				SWIFT_VERSION = 5.0;
				TARGETED_DEVICE_FAMILY = "1,2";
				TEST_HOST = "$(BUILT_PRODUCTS_DIR)/NetworkingExample.app/NetworkingExample";
			};
			name = Release;
		};
		EF9876EB263CC40900E7C3EE /* Debug */ = {
			isa = XCBuildConfiguration;
			buildSettings = {
				ASSETCATALOG_COMPILER_APPICON_NAME = AppIcon;
				ASSETCATALOG_COMPILER_GLOBAL_ACCENT_COLOR_NAME = AccentColor;
				CODE_SIGN_STYLE = Automatic;
				DEVELOPMENT_ASSET_PATHS = "\"NetworkingExample/Resource/Preview Content\"";
				ENABLE_PREVIEWS = YES;
				INFOPLIST_FILE = NetworkingExample/Resource/Info.plist;
				LD_RUNPATH_SEARCH_PATHS = (
					"$(inherited)",
					"@executable_path/Frameworks",
				);
				PRODUCT_BUNDLE_IDENTIFIER = com.selfrise.NetworkingExample;
				PRODUCT_NAME = "$(TARGET_NAME)";
				SWIFT_VERSION = 5.0;
				TARGETED_DEVICE_FAMILY = "1,2";
			};
			name = Debug;
		};
		EF9876EC263CC40900E7C3EE /* Release */ = {
			isa = XCBuildConfiguration;
			buildSettings = {
				ASSETCATALOG_COMPILER_APPICON_NAME = AppIcon;
				ASSETCATALOG_COMPILER_GLOBAL_ACCENT_COLOR_NAME = AccentColor;
				CODE_SIGN_STYLE = Automatic;
				DEVELOPMENT_ASSET_PATHS = "\"NetworkingExample/Resource/Preview Content\"";
				ENABLE_PREVIEWS = YES;
				INFOPLIST_FILE = NetworkingExample/Resource/Info.plist;
				LD_RUNPATH_SEARCH_PATHS = (
					"$(inherited)",
					"@executable_path/Frameworks",
				);
				PRODUCT_BUNDLE_IDENTIFIER = com.selfrise.NetworkingExample;
				PRODUCT_NAME = "$(TARGET_NAME)";
				SWIFT_VERSION = 5.0;
				TARGETED_DEVICE_FAMILY = "1,2";
			};
			name = Release;
		};
/* End XCBuildConfiguration section */

/* Begin XCConfigurationList section */
		155AC6E327DA6C4F0034D1F7 /* Build configuration list for PBXAggregateTarget "SwiftLint" */ = {
			isa = XCConfigurationList;
			buildConfigurations = (
				155AC6E427DA6C4F0034D1F7 /* Debug */,
				155AC6E527DA6C4F0034D1F7 /* Release */,
			);
			defaultConfigurationIsVisible = 0;
			defaultConfigurationName = Release;
		};
		15E40D0327DB2C7000E2A18C /* Build configuration list for PBXAggregateTarget "Copy Mock API Service Response" */ = {
			isa = XCConfigurationList;
			buildConfigurations = (
				15E40D0427DB2C7000E2A18C /* Debug */,
				15E40D0527DB2C7000E2A18C /* Release */,
			);
			defaultConfigurationIsVisible = 0;
			defaultConfigurationName = Release;
		};
		15E40D1827DB351600E2A18C /* Build configuration list for PBXNativeTarget "NetworkingExampleTests" */ = {
			isa = XCConfigurationList;
			buildConfigurations = (
				15E40D1927DB351600E2A18C /* Debug */,
				15E40D1A27DB351600E2A18C /* Release */,
			);
			defaultConfigurationIsVisible = 0;
			defaultConfigurationName = Release;
		};
		EF9876B3263CC3F000E7C3EE /* Build configuration list for PBXProject "Networking" */ = {
			isa = XCConfigurationList;
			buildConfigurations = (
				EF9876CB263CC3F000E7C3EE /* Debug */,
				EF9876CC263CC3F000E7C3EE /* Release */,
			);
			defaultConfigurationIsVisible = 0;
			defaultConfigurationName = Release;
		};
		EF9876CD263CC3F000E7C3EE /* Build configuration list for PBXNativeTarget "Networking" */ = {
			isa = XCConfigurationList;
			buildConfigurations = (
				EF9876CE263CC3F000E7C3EE /* Debug */,
				EF9876CF263CC3F000E7C3EE /* Release */,
			);
			defaultConfigurationIsVisible = 0;
			defaultConfigurationName = Release;
		};
		EF9876D0263CC3F000E7C3EE /* Build configuration list for PBXNativeTarget "NetworkingTests" */ = {
			isa = XCConfigurationList;
			buildConfigurations = (
				EF9876D1263CC3F000E7C3EE /* Debug */,
				EF9876D2263CC3F000E7C3EE /* Release */,
			);
			defaultConfigurationIsVisible = 0;
			defaultConfigurationName = Release;
		};
		EF9876EA263CC40900E7C3EE /* Build configuration list for PBXNativeTarget "NetworkingExample" */ = {
			isa = XCConfigurationList;
			buildConfigurations = (
				EF9876EB263CC40900E7C3EE /* Debug */,
				EF9876EC263CC40900E7C3EE /* Release */,
			);
			defaultConfigurationIsVisible = 0;
			defaultConfigurationName = Release;
		};
/* End XCConfigurationList section */
	};
	rootObject = EF9876B0263CC3F000E7C3EE /* Project object */;
}
